
Microsoft Visual Studio Solution File, Format Version 12.00
# Visual Studio Version 17
VisualStudioVersion = 17.4.33213.308
MinimumVisualStudioVersion = 10.0.40219.1
Project("{9A19103F-16F7-4668-BE54-9A1E7A4F7556}") = "UserRegistrationRegex", "UserRegistrationRegex\UserRegistrationRegex.csproj", "{D5228898-2DA5-4B78-B235-6A718AEECD24}"
EndProject
Project("{FAE04EC0-301F-11D3-BF4B-00C04F79EFBC}") = "UserRegistrationTestProject", "UserRegistrationTestProject\UserRegistrationTestProject.csproj", "{DC65F152-2305-471A-AEE8-6A96AF1802E7}"
EndProject
Global
	GlobalSection(SolutionConfigurationPlatforms) = preSolution
		Debug|Any CPU = Debug|Any CPU
		Release|Any CPU = Release|Any CPU
	EndGlobalSection
	GlobalSection(ProjectConfigurationPlatforms) = postSolution
		{D5228898-2DA5-4B78-B235-6A718AEECD24}.Debug|Any CPU.ActiveCfg = Debug|Any CPU
		{D5228898-2DA5-4B78-B235-6A718AEECD24}.Debug|Any CPU.Build.0 = Debug|Any CPU
		{D5228898-2DA5-4B78-B235-6A718AEECD24}.Release|Any CPU.ActiveCfg = Release|Any CPU
		{D5228898-2DA5-4B78-B235-6A718AEECD24}.Release|Any CPU.Build.0 = Release|Any CPU
		{DC65F152-2305-471A-AEE8-6A96AF1802E7}.Debug|Any CPU.ActiveCfg = Debug|Any CPU
		{DC65F152-2305-471A-AEE8-6A96AF1802E7}.Debug|Any CPU.Build.0 = Debug|Any CPU
		{DC65F152-2305-471A-AEE8-6A96AF1802E7}.Release|Any CPU.ActiveCfg = Release|Any CPU
		{DC65F152-2305-471A-AEE8-6A96AF1802E7}.Release|Any CPU.Build.0 = Release|Any CPU
	EndGlobalSection
	GlobalSection(SolutionProperties) = preSolution
		HideSolutionNode = FALSE
	EndGlobalSection
	GlobalSection(ExtensibilityGlobals) = postSolution
		SolutionGuid = {3BE59927-ED36-4C11-BEB0-AC8978299FF8}
	EndGlobalSection
EndGlobal
